%{"bootloader": {:git, "https://github.com/nerves-project/bootloader.git", "ccf0b0083f6f73a532756a0ca3f965cfa917ce96", []},
  "distillery": {:hex, :distillery, "1.4.0", "d633cd322c8efa0428082b00b7f902daf8caa166d45f9022bbc19a896d2e1e56", [:mix], []},
  "elixir_make": {:hex, :elixir_make, "0.4.0", "992f38fabe705bb45821a728f20914c554b276838433349d4f2341f7a687cddf", [:mix], []},
  "eunit_formatters": {:hex, :eunit_formatters, "0.3.1", "7a6fc351eb5b873e2356b8852eb751e20c13a72fbca03393cf682b8483509573", [:rebar3], []},
  "gen_stage": {:hex, :gen_stage, "0.12.0", "74ec6f84ea0e0e81aa26b745870495094de1c59bfdbd012ae3103208ea124623", [:mix], []},
  "mix_eunit": {:hex, :mix_eunit, "0.3.0", "0e3e23bbc1f428663ba6c0ce52731ea7bff381fcde1ea9198a1bd83ac26305b2", [:mix], [{:eunit_formatters, "~> 0.3.1", [hex: :eunit_formatters, optional: false]}]},
  "nerves": {:hex, :nerves, "0.5.2", "ce89fb603ae58076fc48ff88323eafe71d302d031393c78a3883002c8d3176ba", [:mix], [{:distillery, "~> 1.2", [hex: :distillery, optional: false]}]},
  "nerves_networking": {:hex, :nerves_networking, "0.6.0", "6de5fc53951d087c8c61ce4ba74b998313e628ff084cd02c9813eb63a79c647f", [:mix], []},
  "nerves_runtime": {:hex, :nerves_runtime, "0.2.0", "2fbde788f942abd7a55274edb7ea5608782ef4a73836f3fed66e02d33c386de7", [:make, :mix], [{:elixir_make, "~> 0.4", [hex: :elixir_make, optional: false]}, {:gen_stage, "~> 0.4", [hex: :gen_stage, optional: false]}]},
  "nerves_system_br": {:hex, :nerves_system_br, "0.9.4", "5096a9dfec49d4663ccb94c4a4fe45885303fbf31108f7e9400369bdec94b5e7", [:mix], []},
  "nerves_system_qemu_arm": {:hex, :nerves_system_qemu_arm, "0.11.0", "ef4b8cc43eeb0264d59e348ab57df9517f79cfc50387a4a7f066aeb612b5edba", [:mix], [{:nerves, "~> 0.4", [hex: :nerves, optional: false]}, {:nerves_system_br, "~> 0.9.2", [hex: :nerves_system_br, optional: false]}, {:nerves_toolchain_arm_unknown_linux_gnueabihf, "~> 0.10.0", [hex: :nerves_toolchain_arm_unknown_linux_gnueabihf, optional: false]}]},
  "nerves_toolchain_arm_unknown_linux_gnueabihf": {:hex, :nerves_toolchain_arm_unknown_linux_gnueabihf, "0.10.0", "18200c6cc3fcda1cbe263b7f7d50ff05db495b881ade9436cd1667b3e8e62429", [:mix], [{:nerves, "~> 0.4", [hex: :nerves, optional: false]}, {:nerves_toolchain_ctng, "~> 0.9", [hex: :nerves_toolchain_ctng, optional: false]}]},
  "nerves_toolchain_ctng": {:hex, :nerves_toolchain_ctng, "0.9.0", "825b2b5bbacc3ad20c8513baafd44978616d5b451e6e052cdb727be81e7cdcac", [:mix], []}}
