%{"bootloader": {:hex, :bootloader, "0.1.2", "835ddcf50b796714658f342061d5d48ebc34cbd0d81cdbd5a5a8ae00705d72b1", [:mix], [{:distillery, "~> 1.0", [hex: :distillery, optional: false]}]},
  "distillery": {:hex, :distillery, "1.5.2", "eec18b2d37b55b0bcb670cf2bcf64228ed38ce8b046bb30a9b636a6f5a4c0080", [:mix], []},
  "elixir_make": {:hex, :elixir_make, "0.4.0", "992f38fabe705bb45821a728f20914c554b276838433349d4f2341f7a687cddf", [:mix], []},
  "eunit_formatters": {:hex, :eunit_formatters, "0.3.1", "7a6fc351eb5b873e2356b8852eb751e20c13a72fbca03393cf682b8483509573", [:rebar3], []},
  "gen_stage": {:hex, :gen_stage, "0.12.0", "74ec6f84ea0e0e81aa26b745870495094de1c59bfdbd012ae3103208ea124623", [:mix], []},
  "mix_eunit": {:hex, :mix_eunit, "0.3.0", "0e3e23bbc1f428663ba6c0ce52731ea7bff381fcde1ea9198a1bd83ac26305b2", [:mix], [{:eunit_formatters, "~> 0.3.1", [hex: :eunit_formatters, optional: false]}]},
  "nerves": {:hex, :nerves, "0.7.5", "3aa6a336b2ad6c1c9589cc2b577511b3c4c375c1ba6c533ab9f88adb8c21f0c3", [:mix], [{:distillery, "~> 1.4", [hex: :distillery, optional: false]}]},
  "nerves_networking": {:hex, :nerves_networking, "0.6.0", "6de5fc53951d087c8c61ce4ba74b998313e628ff084cd02c9813eb63a79c647f", [:mix], []},
  "nerves_runtime": {:hex, :nerves_runtime, "0.4.4", "26034bc7d13dbd46aab2f429f988656621a4d91872ccf5fa748c16630bd65016", [:make, :mix], [{:elixir_make, "~> 0.4", [hex: :elixir_make, optional: false]}, {:system_registry, "~> 0.5", [hex: :system_registry, optional: false]}]},
  "nerves_system_br": {:hex, :nerves_system_br, "0.14.1", "b108f8e12b2fd5cfd75be72d8ade4a1cfa9b9fd9076380c431ad930a7ccd5526", [:mix], []},
  "nerves_system_qemu_arm": {:hex, :nerves_system_qemu_arm, "0.13.1", "eaec40f8f23e7ae4f113d2c3e3cc935179df4e39e2ee319446096d3e027c60fe", [:mix], [{:nerves, "~> 0.7", [hex: :nerves, optional: false]}, {:nerves_system_br, "~> 0.14.1", [hex: :nerves_system_br, optional: false]}, {:nerves_toolchain_arm_unknown_linux_gnueabihf, "~> 0.11.0", [hex: :nerves_toolchain_arm_unknown_linux_gnueabihf, optional: false]}]},
  "nerves_toolchain_arm_unknown_linux_gnueabihf": {:hex, :nerves_toolchain_arm_unknown_linux_gnueabihf, "0.11.0", "8d7606275a2d19de26ae238cd59475f4c06679aa9222b8987518d7c8a7beae51", [:mix], [{:nerves, "~> 0.7", [hex: :nerves, optional: false]}, {:nerves_toolchain_ctng, "~> 1.1", [hex: :nerves_toolchain_ctng, optional: false]}]},
  "nerves_toolchain_ctng": {:hex, :nerves_toolchain_ctng, "1.1.0", "0f03e4a3f3beef5fe271de0148b9f106c417e57f303f635c21c74b4bd6eb68ee", [:mix], []},
  "system_registry": {:hex, :system_registry, "0.6.0", "31642177e6002d3cff2ada3553ed4e9c0a6ca015797d62d7d17c0ab8696185fc", [:mix], []}}
